
Microsoft Visual Studio Solution File, Format Version 12.00
# Visual Studio Version 16
VisualStudioVersion = 16.0.32228.343
MinimumVisualStudioVersion = 10.0.40219.1
Project("{FAE04EC0-301F-11D3-BF4B-00C04F79EFBC}") = "LEARNING_GENERATE_EVENTHANLDER", "LEARNING_GENERATE_EVENTHANLDER\LEARNING_GENERATE_EVENTHANLDER.csproj", "{137728CB-2295-474D-8553-8ADE57D0A91E}"
EndProject
Global
	GlobalSection(SolutionConfigurationPlatforms) = preSolution
		Debug|Any CPU = Debug|Any CPU
		Release|Any CPU = Release|Any CPU
	EndGlobalSection
	GlobalSection(ProjectConfigurationPlatforms) = postSolution
		{137728CB-2295-474D-8553-8ADE57D0A91E}.Debug|Any CPU.ActiveCfg = Debug|Any CPU
		{137728CB-2295-474D-8553-8ADE57D0A91E}.Debug|Any CPU.Build.0 = Debug|Any CPU
		{137728CB-2295-474D-8553-8ADE57D0A91E}.Release|Any CPU.ActiveCfg = Release|Any CPU
		{137728CB-2295-474D-8553-8ADE57D0A91E}.Release|Any CPU.Build.0 = Release|Any CPU
	EndGlobalSection
	GlobalSection(SolutionProperties) = preSolution
		HideSolutionNode = FALSE
	EndGlobalSection
	GlobalSection(ExtensibilityGlobals) = postSolution
		SolutionGuid = {EA387131-AFAB-434D-AF59-17E6805C00E8}
	EndGlobalSection
EndGlobal
